
Microsoft Visual Studio Solution File, Format Version 12.00
# Visual Studio Version 17
VisualStudioVersion = 17.6.33829.357
MinimumVisualStudioVersion = 10.0.40219.1
Project("{9A19103F-16F7-4668-BE54-9A1E7A4F7556}") = "ShortenerTools", "src\shortenerTools\ShortenerTools.csproj", "{F2DDB6A9-0522-44D0-A34D-8DBB63B9BCA7}"
EndProject
Project("{9A19103F-16F7-4668-BE54-9A1E7A4F7556}") = "adminBlazorWebsite", "src\adminTools\adminBlazorWebsite\src\adminBlazorWebsite.csproj", "{C0F1FBEA-E94D-4D65-9DD4-FA3089547354}"
EndProject
Project("{2150E333-8FDC-42A3-9474-1A3956D46DE8}") = "Deployment", "Deployment", "{91EC9638-F1E4-4939-837B-206A6E94B7BD}"
	ProjectSection(SolutionItems) = preProject
		deployment\azureDeploy.json = deployment\azureDeploy.json
		deployment\azureDeploy.params.json = deployment\azureDeploy.params.json
		deployment\debug.azcli = deployment\debug.azcli
		deployment\debugARM.json = deployment\debugARM.json
	EndProjectSection
EndProject
Project("{2150E333-8FDC-42A3-9474-1A3956D46DE8}") = "Docs", "Docs", "{029E1EDF-80F2-40D5-9C76-4C5371D6AB94}"
	ProjectSection(SolutionItems) = preProject
		azFunctions-deployment.md = azFunctions-deployment.md
		CODE_OF_CONDUCT.md = CODE_OF_CONDUCT.md
		CONTRIBUTING.md = CONTRIBUTING.md
		how-it-works.md = how-it-works.md
		post-deployment-configuration.md = post-deployment-configuration.md
		README.md = README.md
	EndProjectSection
EndProject
Project("{9A19103F-16F7-4668-BE54-9A1E7A4F7556}") = "Fizzibly.Auth", "Fizziblly.Auth\Fizzibly.Auth.csproj", "{2F779E55-8FAB-43BF-92A2-68C52A65AD96}"
EndProject
Project("{9A19103F-16F7-4668-BE54-9A1E7A4F7556}") = "Shortener.Core", "Shortener.Core\Shortener.Core.csproj", "{7714F9AB-CFD3-438C-AB13-89F031172E52}"
EndProject
Project("{9A19103F-16F7-4668-BE54-9A1E7A4F7556}") = "Shortener.AzureServices", "Shortener.Azure\Shortener.AzureServices.csproj", "{6A77427A-73D4-4F29-ADAF-9A8F5D56C5E2}"
EndProject
Global
	GlobalSection(SolutionConfigurationPlatforms) = preSolution
		Debug|Any CPU = Debug|Any CPU
		Release|Any CPU = Release|Any CPU
	EndGlobalSection
	GlobalSection(ProjectConfigurationPlatforms) = postSolution
		{F2DDB6A9-0522-44D0-A34D-8DBB63B9BCA7}.Debug|Any CPU.ActiveCfg = Debug|Any CPU
		{F2DDB6A9-0522-44D0-A34D-8DBB63B9BCA7}.Debug|Any CPU.Build.0 = Debug|Any CPU
		{F2DDB6A9-0522-44D0-A34D-8DBB63B9BCA7}.Release|Any CPU.ActiveCfg = Release|Any CPU
		{F2DDB6A9-0522-44D0-A34D-8DBB63B9BCA7}.Release|Any CPU.Build.0 = Release|Any CPU
		{C0F1FBEA-E94D-4D65-9DD4-FA3089547354}.Debug|Any CPU.ActiveCfg = Debug|Any CPU
		{C0F1FBEA-E94D-4D65-9DD4-FA3089547354}.Debug|Any CPU.Build.0 = Debug|Any CPU
		{C0F1FBEA-E94D-4D65-9DD4-FA3089547354}.Release|Any CPU.ActiveCfg = Release|Any CPU
		{C0F1FBEA-E94D-4D65-9DD4-FA3089547354}.Release|Any CPU.Build.0 = Release|Any CPU
		{2F779E55-8FAB-43BF-92A2-68C52A65AD96}.Debug|Any CPU.ActiveCfg = Debug|Any CPU
		{2F779E55-8FAB-43BF-92A2-68C52A65AD96}.Debug|Any CPU.Build.0 = Debug|Any CPU
		{2F779E55-8FAB-43BF-92A2-68C52A65AD96}.Release|Any CPU.ActiveCfg = Release|Any CPU
		{2F779E55-8FAB-43BF-92A2-68C52A65AD96}.Release|Any CPU.Build.0 = Release|Any CPU
		{7714F9AB-CFD3-438C-AB13-89F031172E52}.Debug|Any CPU.ActiveCfg = Debug|Any CPU
		{7714F9AB-CFD3-438C-AB13-89F031172E52}.Debug|Any CPU.Build.0 = Debug|Any CPU
		{7714F9AB-CFD3-438C-AB13-89F031172E52}.Release|Any CPU.ActiveCfg = Release|Any CPU
		{7714F9AB-CFD3-438C-AB13-89F031172E52}.Release|Any CPU.Build.0 = Release|Any CPU
		{6A77427A-73D4-4F29-ADAF-9A8F5D56C5E2}.Debug|Any CPU.ActiveCfg = Debug|Any CPU
		{6A77427A-73D4-4F29-ADAF-9A8F5D56C5E2}.Debug|Any CPU.Build.0 = Debug|Any CPU
		{6A77427A-73D4-4F29-ADAF-9A8F5D56C5E2}.Release|Any CPU.ActiveCfg = Release|Any CPU
		{6A77427A-73D4-4F29-ADAF-9A8F5D56C5E2}.Release|Any CPU.Build.0 = Release|Any CPU
	EndGlobalSection
	GlobalSection(SolutionProperties) = preSolution
		HideSolutionNode = FALSE
	EndGlobalSection
	GlobalSection(ExtensibilityGlobals) = postSolution
		SolutionGuid = {08EEDDBA-DEEE-4573-8A3E-CCB57D35BDCD}
	EndGlobalSection
EndGlobal
